
Microsoft Visual Studio Solution File, Format Version 12.00
# Visual Studio 15
VisualStudioVersion = 15.0.27428.2037
MinimumVisualStudioVersion = 10.0.40219.1
Project("{FAE04EC0-301F-11D3-BF4B-00C04F79EFBC}") = "OmniRigBus", "OmniRigBus.csproj", "{73087173-1D85-4FEE-A120-230988ED2149}"
EndProject
Project("{FAE04EC0-301F-11D3-BF4B-00C04F79EFBC}") = "RigBus", "..\RigBus\RigBus.csproj", "{EFF2B19E-1525-44F3-9664-2ADFF8FBDC67}"
EndProject
Global
	GlobalSection(SolutionConfigurationPlatforms) = preSolution
		Debug|Any CPU = Debug|Any CPU
		Release|Any CPU = Release|Any CPU
	EndGlobalSection
	GlobalSection(ProjectConfigurationPlatforms) = postSolution
		{73087173-1D85-4FEE-A120-230988ED2149}.Debug|Any CPU.ActiveCfg = Debug|Any CPU
		{73087173-1D85-4FEE-A120-230988ED2149}.Debug|Any CPU.Build.0 = Debug|Any CPU
		{73087173-1D85-4FEE-A120-230988ED2149}.Release|Any CPU.ActiveCfg = Release|Any CPU
		{73087173-1D85-4FEE-A120-230988ED2149}.Release|Any CPU.Build.0 = Release|Any CPU
		{EFF2B19E-1525-44F3-9664-2ADFF8FBDC67}.Debug|Any CPU.ActiveCfg = Debug|Any CPU
		{EFF2B19E-1525-44F3-9664-2ADFF8FBDC67}.Debug|Any CPU.Build.0 = Debug|Any CPU
		{EFF2B19E-1525-44F3-9664-2ADFF8FBDC67}.Release|Any CPU.ActiveCfg = Release|Any CPU
		{EFF2B19E-1525-44F3-9664-2ADFF8FBDC67}.Release|Any CPU.Build.0 = Release|Any CPU
	EndGlobalSection
	GlobalSection(SolutionProperties) = preSolution
		HideSolutionNode = FALSE
	EndGlobalSection
	GlobalSection(ExtensibilityGlobals) = postSolution
		SolutionGuid = {E455CDF0-7F64-4EC6-B6AB-A9C5EA192CA9}
	EndGlobalSection
EndGlobal
